<Solution>
  <Folder Name="/src/">
    <Project Path="src/Sentinel.API/Sentinel.API.csproj" />
    <Project Path="src/Sentinel.Application/Sentinel.Application.csproj" />
    <Project Path="src/Sentinel.Domain/Sentinel.Domain.csproj" />
    <Project Path="src/Sentinel.Infrastructure/Sentinel.Infrastructure.csproj" />
  </Folder>
  <Folder Name="/tests/">
    <Project Path="tests/Sentinel.Tests/Sentinel.Tests.csproj" />
  </Folder>
</Solution>
